
Microsoft Visual Studio Solution File, Format Version 12.00
# Visual Studio Version 16
VisualStudioVersion = 16.0.31702.278
MinimumVisualStudioVersion = 10.0.40219.1
Project("{FAE04EC0-301F-11D3-BF4B-00C04F79EFBC}") = "partee_linkedlist", "partee_linkedlist.csproj", "{E17ADBB7-3794-480C-8AE4-375054C7ADD6}"
EndProject
Global
	GlobalSection(SolutionConfigurationPlatforms) = preSolution
		Debug|Any CPU = Debug|Any CPU
		Release|Any CPU = Release|Any CPU
	EndGlobalSection
	GlobalSection(ProjectConfigurationPlatforms) = postSolution
		{E17ADBB7-3794-480C-8AE4-375054C7ADD6}.Debug|Any CPU.ActiveCfg = Debug|Any CPU
		{E17ADBB7-3794-480C-8AE4-375054C7ADD6}.Debug|Any CPU.Build.0 = Debug|Any CPU
		{E17ADBB7-3794-480C-8AE4-375054C7ADD6}.Release|Any CPU.ActiveCfg = Release|Any CPU
		{E17ADBB7-3794-480C-8AE4-375054C7ADD6}.Release|Any CPU.Build.0 = Release|Any CPU
	EndGlobalSection
	GlobalSection(SolutionProperties) = preSolution
		HideSolutionNode = FALSE
	EndGlobalSection
	GlobalSection(ExtensibilityGlobals) = postSolution
		SolutionGuid = {24461F82-1645-4284-86DC-196BE6278A55}
	EndGlobalSection
EndGlobal
